{
  "name": "pdf-parser",
  "lockfileVersion": 3,
  "requires": true,
  "packages": {
    "": {
      "dependencies": {
        "json2ts": "^0.0.7"
      }
    },
    "node_modules/json2ts": {
      "version": "0.0.7",
      "resolved": "https://registry.npmjs.org/json2ts/-/json2ts-0.0.7.tgz",
      "integrity": "sha512-7g41Foq7xRPmZ+4o8HGCsNFBe9ar/egOpuktCdlI3OHzAY34WJh28LKrc3523sLV4wPdgZk2LjOPDs5Za1HzAg==",
      "license": "MIT",
      "dependencies": {
        "underscore": "^1.8.3"
      }
    },
    "node_modules/underscore": {
      "version": "1.13.7",
      "resolved": "https://registry.npmjs.org/underscore/-/underscore-1.13.7.tgz",
      "integrity": "sha512-GMXzWtsc57XAtguZgaQViUOzs0KTkk8ojr3/xAxXLITqf/3EMwxC0inyETfDFjH/Krbhuep0HNbbjI9i/q3F3g==",
      "license": "MIT"
    }
  }
}
